
Microsoft Visual Studio Solution File, Format Version 12.00
# Visual Studio Version 16
VisualStudioVersion = 16.0.29613.14
MinimumVisualStudioVersion = 10.0.40219.1
Project("{FAE04EC0-301F-11D3-BF4B-00C04F79EFBC}") = "bubbleSort", "bubbleSort.csproj", "{952F32D9-E790-479D-92AC-3F39C5E0EE46}"
EndProject
Global
	GlobalSection(SolutionConfigurationPlatforms) = preSolution
		Debug|Any CPU = Debug|Any CPU
		Release|Any CPU = Release|Any CPU
	EndGlobalSection
	GlobalSection(ProjectConfigurationPlatforms) = postSolution
		{952F32D9-E790-479D-92AC-3F39C5E0EE46}.Debug|Any CPU.ActiveCfg = Debug|Any CPU
		{952F32D9-E790-479D-92AC-3F39C5E0EE46}.Debug|Any CPU.Build.0 = Debug|Any CPU
		{952F32D9-E790-479D-92AC-3F39C5E0EE46}.Release|Any CPU.ActiveCfg = Release|Any CPU
		{952F32D9-E790-479D-92AC-3F39C5E0EE46}.Release|Any CPU.Build.0 = Release|Any CPU
	EndGlobalSection
	GlobalSection(SolutionProperties) = preSolution
		HideSolutionNode = FALSE
	EndGlobalSection
	GlobalSection(ExtensibilityGlobals) = postSolution
		SolutionGuid = {D62E5088-EE42-4A4A-A361-07871EF4CAEE}
	EndGlobalSection
EndGlobal
